// !$*UTF8*$!
{
	archiveVersion = 1;
	classes = {
	};
	objectVersion = 46;
	objects = {

/* Begin PBXBuildFile section */
		822829251DADE7800058D531 /* CommTableViewCell.swift in Sources */ = {isa = PBXBuildFile; fileRef = 822829241DADE7800058D531 /* CommTableViewCell.swift */; };
		822829271DADE87F0058D531 /* AttachViewController.swift in Sources */ = {isa = PBXBuildFile; fileRef = 822829261DADE87F0058D531 /* AttachViewController.swift */; };
		8228292A1DADE8A90058D531 /* CollisionViewController.swift in Sources */ = {isa = PBXBuildFile; fileRef = 822829291DADE8A90058D531 /* CollisionViewController.swift */; };
		8228292E1DADE8D50058D531 /* GravityViewController.swift in Sources */ = {isa = PBXBuildFile; fileRef = 8228292D1DADE8D50058D531 /* GravityViewController.swift */; };
		822829301DADE8E70058D531 /* PushViewController.swift in Sources */ = {isa = PBXBuildFile; fileRef = 8228292F1DADE8E70058D531 /* PushViewController.swift */; };
		822829321DADE8F60058D531 /* SnapViewController.swift in Sources */ = {isa = PBXBuildFile; fileRef = 822829311DADE8F60058D531 /* SnapViewController.swift */; };
		82E0125C1DAB9E6700662B6E /* AppDelegate.swift in Sources */ = {isa = PBXBuildFile; fileRef = 82E0125B1DAB9E6700662B6E /* AppDelegate.swift */; };
		82E0125E1DAB9E6700662B6E /* ViewController.swift in Sources */ = {isa = PBXBuildFile; fileRef = 82E0125D1DAB9E6700662B6E /* ViewController.swift */; };
		82E012631DAB9E6700662B6E /* Assets.xcassets in Resources */ = {isa = PBXBuildFile; fileRef = 82E012621DAB9E6700662B6E /* Assets.xcassets */; };
		82E012661DAB9E6700662B6E /* LaunchScreen.storyboard in Resources */ = {isa = PBXBuildFile; fileRef = 82E012641DAB9E6700662B6E /* LaunchScreen.storyboard */; };
		82E012711DAB9E6700662B6E /* UIDynamicAnimatorTests.swift in Sources */ = {isa = PBXBuildFile; fileRef = 82E012701DAB9E6700662B6E /* UIDynamicAnimatorTests.swift */; };
		82E0127C1DAB9E6700662B6E /* UIDynamicAnimatorUITests.swift in Sources */ = {isa = PBXBuildFile; fileRef = 82E0127B1DAB9E6700662B6E /* UIDynamicAnimatorUITests.swift */; };
/* End PBXBuildFile section */

/* Begin PBXContainerItemProxy section */
		82E0126D1DAB9E6700662B6E /* PBXContainerItemProxy */ = {
			isa = PBXContainerItemProxy;
			containerPortal = 82E012501DAB9E6700662B6E /* Project object */;
			proxyType = 1;
			remoteGlobalIDString = 82E012571DAB9E6700662B6E;
			remoteInfo = UIDynamicAnimator;
		};
		82E012781DAB9E6700662B6E /* PBXContainerItemProxy */ = {
			isa = PBXContainerItemProxy;
			containerPortal = 82E012501DAB9E6700662B6E /* Project object */;
			proxyType = 1;
			remoteGlobalIDString = 82E012571DAB9E6700662B6E;
			remoteInfo = UIDynamicAnimator;
		};
/* End PBXContainerItemProxy section */

/* Begin PBXFileReference section */
		822829241DADE7800058D531 /* CommTableViewCell.swift */ = {isa = PBXFileReference; fileEncoding = 4; lastKnownFileType = sourcecode.swift; path = CommTableViewCell.swift; sourceTree = "<group>"; };
		822829261DADE87F0058D531 /* AttachViewController.swift */ = {isa = PBXFileReference; fileEncoding = 4; lastKnownFileType = sourcecode.swift; path = AttachViewController.swift; sourceTree = "<group>"; };
		822829291DADE8A90058D531 /* CollisionViewController.swift */ = {isa = PBXFileReference; fileEncoding = 4; lastKnownFileType = sourcecode.swift; path = CollisionViewController.swift; sourceTree = "<group>"; };
		8228292D1DADE8D50058D531 /* GravityViewController.swift */ = {isa = PBXFileReference; fileEncoding = 4; lastKnownFileType = sourcecode.swift; path = GravityViewController.swift; sourceTree = "<group>"; };
		8228292F1DADE8E70058D531 /* PushViewController.swift */ = {isa = PBXFileReference; fileEncoding = 4; lastKnownFileType = sourcecode.swift; path = PushViewController.swift; sourceTree = "<group>"; };
		822829311DADE8F60058D531 /* SnapViewController.swift */ = {isa = PBXFileReference; fileEncoding = 4; lastKnownFileType = sourcecode.swift; path = SnapViewController.swift; sourceTree = "<group>"; };
		82E012581DAB9E6700662B6E /* UIDynamicAnimator.app */ = {isa = PBXFileReference; explicitFileType = wrapper.application; includeInIndex = 0; path = UIDynamicAnimator.app; sourceTree = BUILT_PRODUCTS_DIR; };
		82E0125B1DAB9E6700662B6E /* AppDelegate.swift */ = {isa = PBXFileReference; lastKnownFileType = sourcecode.swift; path = AppDelegate.swift; sourceTree = "<group>"; };
		82E0125D1DAB9E6700662B6E /* ViewController.swift */ = {isa = PBXFileReference; lastKnownFileType = sourcecode.swift; path = ViewController.swift; sourceTree = "<group>"; };
		82E012621DAB9E6700662B6E /* Assets.xcassets */ = {isa = PBXFileReference; lastKnownFileType = folder.assetcatalog; path = Assets.xcassets; sourceTree = "<group>"; };
		82E012651DAB9E6700662B6E /* Base */ = {isa = PBXFileReference; lastKnownFileType = file.storyboard; name = Base; path = Base.lproj/LaunchScreen.storyboard; sourceTree = "<group>"; };
		82E012671DAB9E6700662B6E /* Info.plist */ = {isa = PBXFileReference; lastKnownFileType = text.plist.xml; path = Info.plist; sourceTree = "<group>"; };
		82E0126C1DAB9E6700662B6E /* UIDynamicAnimatorTests.xctest */ = {isa = PBXFileReference; explicitFileType = wrapper.cfbundle; includeInIndex = 0; path = UIDynamicAnimatorTests.xctest; sourceTree = BUILT_PRODUCTS_DIR; };
		82E012701DAB9E6700662B6E /* UIDynamicAnimatorTests.swift */ = {isa = PBXFileReference; lastKnownFileType = sourcecode.swift; path = UIDynamicAnimatorTests.swift; sourceTree = "<group>"; };
		82E012721DAB9E6700662B6E /* Info.plist */ = {isa = PBXFileReference; lastKnownFileType = text.plist.xml; path = Info.plist; sourceTree = "<group>"; };
		82E012771DAB9E6700662B6E /* UIDynamicAnimatorUITests.xctest */ = {isa = PBXFileReference; explicitFileType = wrapper.cfbundle; includeInIndex = 0; path = UIDynamicAnimatorUITests.xctest; sourceTree = BUILT_PRODUCTS_DIR; };
		82E0127B1DAB9E6700662B6E /* UIDynamicAnimatorUITests.swift */ = {isa = PBXFileReference; lastKnownFileType = sourcecode.swift; path = UIDynamicAnimatorUITests.swift; sourceTree = "<group>"; };
		82E0127D1DAB9E6700662B6E /* Info.plist */ = {isa = PBXFileReference; lastKnownFileType = text.plist.xml; path = Info.plist; sourceTree = "<group>"; };
/* End PBXFileReference section */

/* Begin PBXFrameworksBuildPhase section */
		82E012551DAB9E6700662B6E /* Frameworks */ = {
			isa = PBXFrameworksBuildPhase;
			buildActionMask = 2147483647;
			files = (
			);
			runOnlyForDeploymentPostprocessing = 0;
		};
		82E012691DAB9E6700662B6E /* Frameworks */ = {
			isa = PBXFrameworksBuildPhase;
			buildActionMask = 2147483647;
			files = (
			);
			runOnlyForDeploymentPostprocessing = 0;
		};
		82E012741DAB9E6700662B6E /* Frameworks */ = {
			isa = PBXFrameworksBuildPhase;
			buildActionMask = 2147483647;
			files = (
			);
			runOnlyForDeploymentPostprocessing = 0;
		};
/* End PBXFrameworksBuildPhase section */

/* Begin PBXGroup section */
		822829281DADE8860058D531 /* dynamic */ = {
			isa = PBXGroup;
			children = (
				822829261DADE87F0058D531 /* AttachViewController.swift */,
				822829291DADE8A90058D531 /* CollisionViewController.swift */,
				8228292D1DADE8D50058D531 /* GravityViewController.swift */,
				8228292F1DADE8E70058D531 /* PushViewController.swift */,
				822829311DADE8F60058D531 /* SnapViewController.swift */,
			);
			name = dynamic;
			sourceTree = "<group>";
		};
		82E0124F1DAB9E6700662B6E = {
			isa = PBXGroup;
			children = (
				82E0125A1DAB9E6700662B6E /* UIDynamicAnimator */,
				82E0126F1DAB9E6700662B6E /* UIDynamicAnimatorTests */,
				82E0127A1DAB9E6700662B6E /* UIDynamicAnimatorUITests */,
				82E012591DAB9E6700662B6E /* Products */,
			);
			sourceTree = "<group>";
		};
		82E012591DAB9E6700662B6E /* Products */ = {
			isa = PBXGroup;
			children = (
				82E012581DAB9E6700662B6E /* UIDynamicAnimator.app */,
				82E0126C1DAB9E6700662B6E /* UIDynamicAnimatorTests.xctest */,
				82E012771DAB9E6700662B6E /* UIDynamicAnimatorUITests.xctest */,
			);
			name = Products;
			sourceTree = "<group>";
		};
		82E0125A1DAB9E6700662B6E /* UIDynamicAnimator */ = {
			isa = PBXGroup;
			children = (
				82E0125B1DAB9E6700662B6E /* AppDelegate.swift */,
				82E0125D1DAB9E6700662B6E /* ViewController.swift */,
				822829241DADE7800058D531 /* CommTableViewCell.swift */,
				822829281DADE8860058D531 /* dynamic */,
				82E012621DAB9E6700662B6E /* Assets.xcassets */,
				82E012641DAB9E6700662B6E /* LaunchScreen.storyboard */,
				82E012671DAB9E6700662B6E /* Info.plist */,
			);
			path = UIDynamicAnimator;
			sourceTree = "<group>";
		};
		82E0126F1DAB9E6700662B6E /* UIDynamicAnimatorTests */ = {
			isa = PBXGroup;
			children = (
				82E012701DAB9E6700662B6E /* UIDynamicAnimatorTests.swift */,
				82E012721DAB9E6700662B6E /* Info.plist */,
			);
			path = UIDynamicAnimatorTests;
			sourceTree = "<group>";
		};
		82E0127A1DAB9E6700662B6E /* UIDynamicAnimatorUITests */ = {
			isa = PBXGroup;
			children = (
				82E0127B1DAB9E6700662B6E /* UIDynamicAnimatorUITests.swift */,
				82E0127D1DAB9E6700662B6E /* Info.plist */,
			);
			path = UIDynamicAnimatorUITests;
			sourceTree = "<group>";
		};
/* End PBXGroup section */

/* Begin PBXNativeTarget section */
		82E012571DAB9E6700662B6E /* UIDynamicAnimator */ = {
			isa = PBXNativeTarget;
			buildConfigurationList = 82E012801DAB9E6700662B6E /* Build configuration list for PBXNativeTarget "UIDynamicAnimator" */;
			buildPhases = (
				82E012541DAB9E6700662B6E /* Sources */,
				82E012551DAB9E6700662B6E /* Frameworks */,
				82E012561DAB9E6700662B6E /* Resources */,
			);
			buildRules = (
			);
			dependencies = (
			);
			name = UIDynamicAnimator;
			productName = UIDynamicAnimator;
			productReference = 82E012581DAB9E6700662B6E /* UIDynamicAnimator.app */;
			productType = "com.apple.product-type.application";
		};
		82E0126B1DAB9E6700662B6E /* UIDynamicAnimatorTests */ = {
			isa = PBXNativeTarget;
			buildConfigurationList = 82E012831DAB9E6700662B6E /* Build configuration list for PBXNativeTarget "UIDynamicAnimatorTests" */;
			buildPhases = (
				82E012681DAB9E6700662B6E /* Sources */,
				82E012691DAB9E6700662B6E /* Frameworks */,
				82E0126A1DAB9E6700662B6E /* Resources */,
			);
			buildRules = (
			);
			dependencies = (
				82E0126E1DAB9E6700662B6E /* PBXTargetDependency */,
			);
			name = UIDynamicAnimatorTests;
			productName = UIDynamicAnimatorTests;
			productReference = 82E0126C1DAB9E6700662B6E /* UIDynamicAnimatorTests.xctest */;
			productType = "com.apple.product-type.bundle.unit-test";
		};
		82E012761DAB9E6700662B6E /* UIDynamicAnimatorUITests */ = {
			isa = PBXNativeTarget;
			buildConfigurationList = 82E012861DAB9E6700662B6E /* Build configuration list for PBXNativeTarget "UIDynamicAnimatorUITests" */;
			buildPhases = (
				82E012731DAB9E6700662B6E /* Sources */,
				82E012741DAB9E6700662B6E /* Frameworks */,
				82E012751DAB9E6700662B6E /* Resources */,
			);
			buildRules = (
			);
			dependencies = (
				82E012791DAB9E6700662B6E /* PBXTargetDependency */,
			);
			name = UIDynamicAnimatorUITests;
			productName = UIDynamicAnimatorUITests;
			productReference = 82E012771DAB9E6700662B6E /* UIDynamicAnimatorUITests.xctest */;
			productType = "com.apple.product-type.bundle.ui-testing";
		};
/* End PBXNativeTarget section */

/* Begin PBXProject section */
		82E012501DAB9E6700662B6E /* Project object */ = {
			isa = PBXProject;
			attributes = {
				LastSwiftUpdateCheck = 0800;
				LastUpgradeCheck = 0800;
				ORGANIZATIONNAME = Jason_Yao;
				TargetAttributes = {
					82E012571DAB9E6700662B6E = {
						CreatedOnToolsVersion = 8.0;
						ProvisioningStyle = Automatic;
					};
					82E0126B1DAB9E6700662B6E = {
						CreatedOnToolsVersion = 8.0;
						ProvisioningStyle = Automatic;
						TestTargetID = 82E012571DAB9E6700662B6E;
					};
					82E012761DAB9E6700662B6E = {
						CreatedOnToolsVersion = 8.0;
						ProvisioningStyle = Automatic;
						TestTargetID = 82E012571DAB9E6700662B6E;
					};
				};
			};
			buildConfigurationList = 82E012531DAB9E6700662B6E /* Build configuration list for PBXProject "UIDynamicAnimator" */;
			compatibilityVersion = "Xcode 3.2";
			developmentRegion = English;
			hasScannedForEncodings = 0;
			knownRegions = (
				en,
				Base,
			);
			mainGroup = 82E0124F1DAB9E6700662B6E;
			productRefGroup = 82E012591DAB9E6700662B6E /* Products */;
			projectDirPath = "";
			projectRoot = "";
			targets = (
				82E012571DAB9E6700662B6E /* UIDynamicAnimator */,
				82E0126B1DAB9E6700662B6E /* UIDynamicAnimatorTests */,
				82E012761DAB9E6700662B6E /* UIDynamicAnimatorUITests */,
			);
		};
/* End PBXProject section */

/* Begin PBXResourcesBuildPhase section */
		82E012561DAB9E6700662B6E /* Resources */ = {
			isa = PBXResourcesBuildPhase;
			buildActionMask = 2147483647;
			files = (
				82E012661DAB9E6700662B6E /* LaunchScreen.storyboard in Resources */,
				82E012631DAB9E6700662B6E /* Assets.xcassets in Resources */,
			);
			runOnlyForDeploymentPostprocessing = 0;
		};
		82E0126A1DAB9E6700662B6E /* Resources */ = {
			isa = PBXResourcesBuildPhase;
			buildActionMask = 2147483647;
			files = (
			);
			runOnlyForDeploymentPostprocessing = 0;
		};
		82E012751DAB9E6700662B6E /* Resources */ = {
			isa = PBXResourcesBuildPhase;
			buildActionMask = 2147483647;
			files = (
			);
			runOnlyForDeploymentPostprocessing = 0;
		};
/* End PBXResourcesBuildPhase section */

/* Begin PBXSourcesBuildPhase section */
		82E012541DAB9E6700662B6E /* Sources */ = {
			isa = PBXSourcesBuildPhase;
			buildActionMask = 2147483647;
			files = (
				8228292E1DADE8D50058D531 /* GravityViewController.swift in Sources */,
				822829251DADE7800058D531 /* CommTableViewCell.swift in Sources */,
				822829301DADE8E70058D531 /* PushViewController.swift in Sources */,
				822829321DADE8F60058D531 /* SnapViewController.swift in Sources */,
				8228292A1DADE8A90058D531 /* CollisionViewController.swift in Sources */,
				822829271DADE87F0058D531 /* AttachViewController.swift in Sources */,
				82E0125E1DAB9E6700662B6E /* ViewController.swift in Sources */,
				82E0125C1DAB9E6700662B6E /* AppDelegate.swift in Sources */,
			);
			runOnlyForDeploymentPostprocessing = 0;
		};
		82E012681DAB9E6700662B6E /* Sources */ = {
			isa = PBXSourcesBuildPhase;
			buildActionMask = 2147483647;
			files = (
				82E012711DAB9E6700662B6E /* UIDynamicAnimatorTests.swift in Sources */,
			);
			runOnlyForDeploymentPostprocessing = 0;
		};
		82E012731DAB9E6700662B6E /* Sources */ = {
			isa = PBXSourcesBuildPhase;
			buildActionMask = 2147483647;
			files = (
				82E0127C1DAB9E6700662B6E /* UIDynamicAnimatorUITests.swift in Sources */,
			);
			runOnlyForDeploymentPostprocessing = 0;
		};
/* End PBXSourcesBuildPhase section */

/* Begin PBXTargetDependency section */
		82E0126E1DAB9E6700662B6E /* PBXTargetDependency */ = {
			isa = PBXTargetDependency;
			target = 82E012571DAB9E6700662B6E /* UIDynamicAnimator */;
			targetProxy = 82E0126D1DAB9E6700662B6E /* PBXContainerItemProxy */;
		};
		82E012791DAB9E6700662B6E /* PBXTargetDependency */ = {
			isa = PBXTargetDependency;
			target = 82E012571DAB9E6700662B6E /* UIDynamicAnimator */;
			targetProxy = 82E012781DAB9E6700662B6E /* PBXContainerItemProxy */;
		};
/* End PBXTargetDependency section */

/* Begin PBXVariantGroup section */
		82E012641DAB9E6700662B6E /* LaunchScreen.storyboard */ = {
			isa = PBXVariantGroup;
			children = (
				82E012651DAB9E6700662B6E /* Base */,
			);
			name = LaunchScreen.storyboard;
			sourceTree = "<group>";
		};
/* End PBXVariantGroup section */

/* Begin XCBuildConfiguration section */
		82E0127E1DAB9E6700662B6E /* Debug */ = {
			isa = XCBuildConfiguration;
			buildSettings = {
				ALWAYS_SEARCH_USER_PATHS = NO;
				CLANG_ANALYZER_NONNULL = YES;
				CLANG_CXX_LANGUAGE_STANDARD = "gnu++0x";
				CLANG_CXX_LIBRARY = "libc++";
				CLANG_ENABLE_MODULES = YES;
				CLANG_ENABLE_OBJC_ARC = YES;
				CLANG_WARN_BOOL_CONVERSION = YES;
				CLANG_WARN_CONSTANT_CONVERSION = YES;
				CLANG_WARN_DIRECT_OBJC_ISA_USAGE = YES_ERROR;
				CLANG_WARN_DOCUMENTATION_COMMENTS = YES;
				CLANG_WARN_EMPTY_BODY = YES;
				CLANG_WARN_ENUM_CONVERSION = YES;
				CLANG_WARN_INFINITE_RECURSION = YES;
				CLANG_WARN_INT_CONVERSION = YES;
				CLANG_WARN_OBJC_ROOT_CLASS = YES_ERROR;
				CLANG_WARN_SUSPICIOUS_MOVES = YES;
				CLANG_WARN_UNREACHABLE_CODE = YES;
				CLANG_WARN__DUPLICATE_METHOD_MATCH = YES;
				"CODE_SIGN_IDENTITY[sdk=iphoneos*]" = "iPhone Developer";
				COPY_PHASE_STRIP = NO;
				DEBUG_INFORMATION_FORMAT = dwarf;
				ENABLE_STRICT_OBJC_MSGSEND = YES;
				ENABLE_TESTABILITY = YES;
				GCC_C_LANGUAGE_STANDARD = gnu99;
				GCC_DYNAMIC_NO_PIC = NO;
				GCC_NO_COMMON_BLOCKS = YES;
				GCC_OPTIMIZATION_LEVEL = 0;
				GCC_PREPROCESSOR_DEFINITIONS = (
					"DEBUG=1",
					"$(inherited)",
				);
				GCC_WARN_64_TO_32_BIT_CONVERSION = YES;
				GCC_WARN_ABOUT_RETURN_TYPE = YES_ERROR;
				GCC_WARN_UNDECLARED_SELECTOR = YES;
				GCC_WARN_UNINITIALIZED_AUTOS = YES_AGGRESSIVE;
				GCC_WARN_UNUSED_FUNCTION = YES;
				GCC_WARN_UNUSED_VARIABLE = YES;
				IPHONEOS_DEPLOYMENT_TARGET = 10.0;
				MTL_ENABLE_DEBUG_INFO = YES;
				ONLY_ACTIVE_ARCH = YES;
				SDKROOT = iphoneos;
				SWIFT_ACTIVE_COMPILATION_CONDITIONS = DEBUG;
				SWIFT_OPTIMIZATION_LEVEL = "-Onone";
				TARGETED_DEVICE_FAMILY = "1,2";
			};
			name = Debug;
		};
		82E0127F1DAB9E6700662B6E /* Release */ = {
			isa = XCBuildConfiguration;
			buildSettings = {
				ALWAYS_SEARCH_USER_PATHS = NO;
				CLANG_ANALYZER_NONNULL = YES;
				CLANG_CXX_LANGUAGE_STANDARD = "gnu++0x";
				CLANG_CXX_LIBRARY = "libc++";
				CLANG_ENABLE_MODULES = YES;
				CLANG_ENABLE_OBJC_ARC = YES;
				CLANG_WARN_BOOL_CONVERSION = YES;
				CLANG_WARN_CONSTANT_CONVERSION = YES;
				CLANG_WARN_DIRECT_OBJC_ISA_USAGE = YES_ERROR;
				CLANG_WARN_DOCUMENTATION_COMMENTS = YES;
				CLANG_WARN_EMPTY_BODY = YES;
				CLANG_WARN_ENUM_CONVERSION = YES;
				CLANG_WARN_INFINITE_RECURSION = YES;
				CLANG_WARN_INT_CONVERSION = YES;
				CLANG_WARN_OBJC_ROOT_CLASS = YES_ERROR;
				CLANG_WARN_SUSPICIOUS_MOVES = YES;
				CLANG_WARN_UNREACHABLE_CODE = YES;
				CLANG_WARN__DUPLICATE_METHOD_MATCH = YES;
				"CODE_SIGN_IDENTITY[sdk=iphoneos*]" = "iPhone Developer";
				COPY_PHASE_STRIP = NO;
				DEBUG_INFORMATION_FORMAT = "dwarf-with-dsym";
				ENABLE_NS_ASSERTIONS = NO;
				ENABLE_STRICT_OBJC_MSGSEND = YES;
				GCC_C_LANGUAGE_STANDARD = gnu99;
				GCC_NO_COMMON_BLOCKS = YES;
				GCC_WARN_64_TO_32_BIT_CONVERSION = YES;
				GCC_WARN_ABOUT_RETURN_TYPE = YES_ERROR;
				GCC_WARN_UNDECLARED_SELECTOR = YES;
				GCC_WARN_UNINITIALIZED_AUTOS = YES_AGGRESSIVE;
				GCC_WARN_UNUSED_FUNCTION = YES;
				GCC_WARN_UNUSED_VARIABLE = YES;
				IPHONEOS_DEPLOYMENT_TARGET = 10.0;
				MTL_ENABLE_DEBUG_INFO = NO;
				SDKROOT = iphoneos;
				SWIFT_OPTIMIZATION_LEVEL = "-Owholemodule";
				TARGETED_DEVICE_FAMILY = "1,2";
				VALIDATE_PRODUCT = YES;
			};
			name = Release;
		};
		82E012811DAB9E6700662B6E /* Debug */ = {
			isa = XCBuildConfiguration;
			buildSettings = {
				ASSETCATALOG_COMPILER_APPICON_NAME = AppIcon;
				INFOPLIST_FILE = UIDynamicAnimator/Info.plist;
				LD_RUNPATH_SEARCH_PATHS = "$(inherited) @executable_path/Frameworks";
				PRODUCT_BUNDLE_IDENTIFIER = Ysx.UIDynamicAnimator;
				PRODUCT_NAME = "$(TARGET_NAME)";
				SWIFT_VERSION = 3.0;
			};
			name = Debug;
		};
		82E012821DAB9E6700662B6E /* Release */ = {
			isa = XCBuildConfiguration;
			buildSettings = {
				ASSETCATALOG_COMPILER_APPICON_NAME = AppIcon;
				INFOPLIST_FILE = UIDynamicAnimator/Info.plist;
				LD_RUNPATH_SEARCH_PATHS = "$(inherited) @executable_path/Frameworks";
				PRODUCT_BUNDLE_IDENTIFIER = Ysx.UIDynamicAnimator;
				PRODUCT_NAME = "$(TARGET_NAME)";
				SWIFT_VERSION = 3.0;
			};
			name = Release;
		};
		82E012841DAB9E6700662B6E /* Debug */ = {
			isa = XCBuildConfiguration;
			buildSettings = {
				ALWAYS_EMBED_SWIFT_STANDARD_LIBRARIES = YES;
				BUNDLE_LOADER = "$(TEST_HOST)";
				INFOPLIST_FILE = UIDynamicAnimatorTests/Info.plist;
				LD_RUNPATH_SEARCH_PATHS = "$(inherited) @executable_path/Frameworks @loader_path/Frameworks";
				PRODUCT_BUNDLE_IDENTIFIER = Ysx.UIDynamicAnimatorTests;
				PRODUCT_NAME = "$(TARGET_NAME)";
				SWIFT_VERSION = 3.0;
				TEST_HOST = "$(BUILT_PRODUCTS_DIR)/UIDynamicAnimator.app/UIDynamicAnimator";
			};
			name = Debug;
		};
		82E012851DAB9E6700662B6E /* Release */ = {
			isa = XCBuildConfiguration;
			buildSettings = {
				ALWAYS_EMBED_SWIFT_STANDARD_LIBRARIES = YES;
				BUNDLE_LOADER = "$(TEST_HOST)";
				INFOPLIST_FILE = UIDynamicAnimatorTests/Info.plist;
				LD_RUNPATH_SEARCH_PATHS = "$(inherited) @executable_path/Frameworks @loader_path/Frameworks";
				PRODUCT_BUNDLE_IDENTIFIER = Ysx.UIDynamicAnimatorTests;
				PRODUCT_NAME = "$(TARGET_NAME)";
				SWIFT_VERSION = 3.0;
				TEST_HOST = "$(BUILT_PRODUCTS_DIR)/UIDynamicAnimator.app/UIDynamicAnimator";
			};
			name = Release;
		};
		82E012871DAB9E6700662B6E /* Debug */ = {
			isa = XCBuildConfiguration;
			buildSettings = {
				ALWAYS_EMBED_SWIFT_STANDARD_LIBRARIES = YES;
				INFOPLIST_FILE = UIDynamicAnimatorUITests/Info.plist;
				LD_RUNPATH_SEARCH_PATHS = "$(inherited) @executable_path/Frameworks @loader_path/Frameworks";
				PRODUCT_BUNDLE_IDENTIFIER = Ysx.UIDynamicAnimatorUITests;
				PRODUCT_NAME = "$(TARGET_NAME)";
				SWIFT_VERSION = 3.0;
				TEST_TARGET_NAME = UIDynamicAnimator;
			};
			name = Debug;
		};
		82E012881DAB9E6700662B6E /* Release */ = {
			isa = XCBuildConfiguration;
			buildSettings = {
				ALWAYS_EMBED_SWIFT_STANDARD_LIBRARIES = YES;
				INFOPLIST_FILE = UIDynamicAnimatorUITests/Info.plist;
				LD_RUNPATH_SEARCH_PATHS = "$(inherited) @executable_path/Frameworks @loader_path/Frameworks";
				PRODUCT_BUNDLE_IDENTIFIER = Ysx.UIDynamicAnimatorUITests;
				PRODUCT_NAME = "$(TARGET_NAME)";
				SWIFT_VERSION = 3.0;
				TEST_TARGET_NAME = UIDynamicAnimator;
			};
			name = Release;
		};
/* End XCBuildConfiguration section */

/* Begin XCConfigurationList section */
		82E012531DAB9E6700662B6E /* Build configuration list for PBXProject "UIDynamicAnimator" */ = {
			isa = XCConfigurationList;
			buildConfigurations = (
				82E0127E1DAB9E6700662B6E /* Debug */,
				82E0127F1DAB9E6700662B6E /* Release */,
			);
			defaultConfigurationIsVisible = 0;
			defaultConfigurationName = Release;
		};
		82E012801DAB9E6700662B6E /* Build configuration list for PBXNativeTarget "UIDynamicAnimator" */ = {
			isa = XCConfigurationList;
			buildConfigurations = (
				82E012811DAB9E6700662B6E /* Debug */,
				82E012821DAB9E6700662B6E /* Release */,
			);
			defaultConfigurationIsVisible = 0;
			defaultConfigurationName = Release;
		};
		82E012831DAB9E6700662B6E /* Build configuration list for PBXNativeTarget "UIDynamicAnimatorTests" */ = {
			isa = XCConfigurationList;
			buildConfigurations = (
				82E012841DAB9E6700662B6E /* Debug */,
				82E012851DAB9E6700662B6E /* Release */,
			);
			defaultConfigurationIsVisible = 0;
			defaultConfigurationName = Release;
		};
		82E012861DAB9E6700662B6E /* Build configuration list for PBXNativeTarget "UIDynamicAnimatorUITests" */ = {
			isa = XCConfigurationList;
			buildConfigurations = (
				82E012871DAB9E6700662B6E /* Debug */,
				82E012881DAB9E6700662B6E /* Release */,
			);
			defaultConfigurationIsVisible = 0;
			defaultConfigurationName = Release;
		};
/* End XCConfigurationList section */
	};
	rootObject = 82E012501DAB9E6700662B6E /* Project object */;
}
